# THIS IS AN AUTOGENERATED FILE. DO NOT EDIT THIS FILE DIRECTLY.
# yarn lockfile v1


tech-stack-icons@^2.1.0:
  version "2.1.0"
  resolved "https://registry.yarnpkg.com/tech-stack-icons/-/tech-stack-icons-2.1.0.tgz#01a7f1f0caedffe5c52de68f9b1f0ff9ce897301"
  integrity sha512-6L8WPegruqXfS6U7oLPE2VBCJGXsXW4P97iorZpyI4DWBQxt0m+rLeGHpuu2tWb5jcyrIq1FEfDfron+DMSj/Q==
